
Microsoft Visual Studio Solution File, Format Version 12.00
# Visual Studio 15
VisualStudioVersion = 15.0.28307.329
MinimumVisualStudioVersion = 10.0.40219.1
Project("{FAE04EC0-301F-11D3-BF4B-00C04F79EFBC}") = "Snake", "Snake\Snake.csproj", "{C924EE54-973F-4D70-807E-928A45D1306A}"
EndProject
Global
	GlobalSection(SolutionConfigurationPlatforms) = preSolution
		Debug|Any CPU = Debug|Any CPU
		Release|Any CPU = Release|Any CPU
	EndGlobalSection
	GlobalSection(ProjectConfigurationPlatforms) = postSolution
		{C924EE54-973F-4D70-807E-928A45D1306A}.Debug|Any CPU.ActiveCfg = Debug|Any CPU
		{C924EE54-973F-4D70-807E-928A45D1306A}.Debug|Any CPU.Build.0 = Debug|Any CPU
		{C924EE54-973F-4D70-807E-928A45D1306A}.Release|Any CPU.ActiveCfg = Release|Any CPU
		{C924EE54-973F-4D70-807E-928A45D1306A}.Release|Any CPU.Build.0 = Release|Any CPU
	EndGlobalSection
	GlobalSection(SolutionProperties) = preSolution
		HideSolutionNode = FALSE
	EndGlobalSection
	GlobalSection(ExtensibilityGlobals) = postSolution
		SolutionGuid = {250B48A3-AA39-41FE-87B2-8DDE7039629D}
	EndGlobalSection
EndGlobal
